
Microsoft Visual Studio Solution File, Format Version 12.00
# Visual Studio 2012
Project("{FAE04EC0-301F-11D3-BF4B-00C04F79EFBC}") = "HappyPath.Web", "HappyPath\HappyPath.Web.csproj", "{0243C229-6D8F-4374-9FAD-FCCCBABF2E55}"
EndProject
Project("{FAE04EC0-301F-11D3-BF4B-00C04F79EFBC}") = "HappyPath.Web.Tests", "HappyPath.Tests\HappyPath.Web.Tests.csproj", "{96A4F1C6-000B-45CB-BFE2-6BFA9E2D88FB}"
EndProject
Project("{FAE04EC0-301F-11D3-BF4B-00C04F79EFBC}") = "HappyPath.Service", "HappyPath.Service\HappyPath.Service.csproj", "{776AADD0-EBC2-42A9-A278-A1094BA37247}"
EndProject
Project("{FAE04EC0-301F-11D3-BF4B-00C04F79EFBC}") = "HappyPath.Service.Tests", "HappyPath.Service.Tests\HappyPath.Service.Tests.csproj", "{470F0333-38BF-4183-852E-E5F5798E3EFB}"
EndProject
Global
	GlobalSection(SolutionConfigurationPlatforms) = preSolution
		Debug|Any CPU = Debug|Any CPU
		Release|Any CPU = Release|Any CPU
	EndGlobalSection
	GlobalSection(ProjectConfigurationPlatforms) = postSolution
		{0243C229-6D8F-4374-9FAD-FCCCBABF2E55}.Debug|Any CPU.ActiveCfg = Debug|Any CPU
		{0243C229-6D8F-4374-9FAD-FCCCBABF2E55}.Debug|Any CPU.Build.0 = Debug|Any CPU
		{0243C229-6D8F-4374-9FAD-FCCCBABF2E55}.Release|Any CPU.ActiveCfg = Release|Any CPU
		{0243C229-6D8F-4374-9FAD-FCCCBABF2E55}.Release|Any CPU.Build.0 = Release|Any CPU
		{96A4F1C6-000B-45CB-BFE2-6BFA9E2D88FB}.Debug|Any CPU.ActiveCfg = Debug|Any CPU
		{96A4F1C6-000B-45CB-BFE2-6BFA9E2D88FB}.Debug|Any CPU.Build.0 = Debug|Any CPU
		{96A4F1C6-000B-45CB-BFE2-6BFA9E2D88FB}.Release|Any CPU.ActiveCfg = Release|Any CPU
		{96A4F1C6-000B-45CB-BFE2-6BFA9E2D88FB}.Release|Any CPU.Build.0 = Release|Any CPU
		{776AADD0-EBC2-42A9-A278-A1094BA37247}.Debug|Any CPU.ActiveCfg = Debug|Any CPU
		{776AADD0-EBC2-42A9-A278-A1094BA37247}.Debug|Any CPU.Build.0 = Debug|Any CPU
		{776AADD0-EBC2-42A9-A278-A1094BA37247}.Release|Any CPU.ActiveCfg = Release|Any CPU
		{776AADD0-EBC2-42A9-A278-A1094BA37247}.Release|Any CPU.Build.0 = Release|Any CPU
		{470F0333-38BF-4183-852E-E5F5798E3EFB}.Debug|Any CPU.ActiveCfg = Debug|Any CPU
		{470F0333-38BF-4183-852E-E5F5798E3EFB}.Debug|Any CPU.Build.0 = Debug|Any CPU
		{470F0333-38BF-4183-852E-E5F5798E3EFB}.Release|Any CPU.ActiveCfg = Release|Any CPU
		{470F0333-38BF-4183-852E-E5F5798E3EFB}.Release|Any CPU.Build.0 = Release|Any CPU
	EndGlobalSection
	GlobalSection(SolutionProperties) = preSolution
		HideSolutionNode = FALSE
	EndGlobalSection
EndGlobal
